// !$*UTF8*$!
{
	archiveVersion = 1;
	classes = {
	};
	objectVersion = 56;
	objects = {

/* Begin PBXBuildFile section */
		AF0A828A2A4F915500A1BF03 /* BalancesView.swift in Sources */ = {isa = PBXBuildFile; fileRef = AF0A82892A4F915500A1BF03 /* BalancesView.swift */; };
		AF0C3A9829DF0C6C00F4FF05 /* PaletteView.swift in Sources */ = {isa = PBXBuildFile; fileRef = AF0C3A9729DF0C6C00F4FF05 /* PaletteView.swift */; };
		AF1E4FB129F49763008AA837 /* NumberFormatHandler.swift in Sources */ = {isa = PBXBuildFile; fileRef = AF1E4FB029F49763008AA837 /* NumberFormatHandler.swift */; };
		AF1EB8BE29F4528D00777A5E /* CategoryDetailsView.swift in Sources */ = {isa = PBXBuildFile; fileRef = AF1EB8BD29F4528D00777A5E /* CategoryDetailsView.swift */; };
		AF2B34D229E7401F003A4D07 /* TransactionDetailsView.swift in Sources */ = {isa = PBXBuildFile; fileRef = AF2B34D129E7401F003A4D07 /* TransactionDetailsView.swift */; };
		AF2B34D429E7474C003A4D07 /* DetailTileView.swift in Sources */ = {isa = PBXBuildFile; fileRef = AF2B34D329E7474C003A4D07 /* DetailTileView.swift */; };
		AF30D4B92A426D19005B8C32 /* MonthlyStartingBalance.swift in Sources */ = {isa = PBXBuildFile; fileRef = AF30D4B82A426D19005B8C32 /* MonthlyStartingBalance.swift */; };
		AF319D862A019BBA00654329 /* Computation.swift in Sources */ = {isa = PBXBuildFile; fileRef = AF319D852A019BBA00654329 /* Computation.swift */; };
		AF353C8D29F444D000DAF5C7 /* DataController.swift in Sources */ = {isa = PBXBuildFile; fileRef = AF353C8C29F444D000DAF5C7 /* DataController.swift */; };
		AF3BA9FF2A26BC860074ECC1 /* MonthSelectorView.swift in Sources */ = {isa = PBXBuildFile; fileRef = AF3BA9FE2A26BC860074ECC1 /* MonthSelectorView.swift */; };
		AF50C5EE2A2C0C0C009626FD /* CurrentlyViewedMonth.swift in Sources */ = {isa = PBXBuildFile; fileRef = AF50C5ED2A2C0C0C009626FD /* CurrentlyViewedMonth.swift */; };
		AF514E6E2A4F4B9600DD09EE /* StartingBalanceSheetView.swift in Sources */ = {isa = PBXBuildFile; fileRef = AF514E6D2A4F4B9600DD09EE /* StartingBalanceSheetView.swift */; };
		AF63592F29DB6C7300AEEFBC /* SettingsView.swift in Sources */ = {isa = PBXBuildFile; fileRef = AF63592E29DB6C7300AEEFBC /* SettingsView.swift */; };
		AF63593129DB6F9C00AEEFBC /* HomeView.swift in Sources */ = {isa = PBXBuildFile; fileRef = AF63593029DB6F9C00AEEFBC /* HomeView.swift */; };
		AF67CAFB29D8CEA90032183F /* CustomTabBar.swift in Sources */ = {isa = PBXBuildFile; fileRef = AF67CAFA29D8CEA90032183F /* CustomTabBar.swift */; };
		AF67CAFD29D8DC0C0032183F /* TabBarButton.swift in Sources */ = {isa = PBXBuildFile; fileRef = AF67CAFC29D8DC0C0032183F /* TabBarButton.swift */; };
		AF8177AF29F8830400DB33F9 /* CurrencyField.swift in Sources */ = {isa = PBXBuildFile; fileRef = AF8177AE29F8830400DB33F9 /* CurrencyField.swift */; };
		AF85705529D86FD6006DEFBE /* PatchApp.swift in Sources */ = {isa = PBXBuildFile; fileRef = AF85705429D86FD6006DEFBE /* PatchApp.swift */; };
		AF85705729D86FD6006DEFBE /* RootView.swift in Sources */ = {isa = PBXBuildFile; fileRef = AF85705629D86FD6006DEFBE /* RootView.swift */; };
		AF85705929D86FD8006DEFBE /* Assets.xcassets in Resources */ = {isa = PBXBuildFile; fileRef = AF85705829D86FD8006DEFBE /* Assets.xcassets */; };
		AF85705D29D86FD8006DEFBE /* Preview Assets.xcassets in Resources */ = {isa = PBXBuildFile; fileRef = AF85705C29D86FD8006DEFBE /* Preview Assets.xcassets */; };
		AF85706429D87255006DEFBE /* SplashScreenView.swift in Sources */ = {isa = PBXBuildFile; fileRef = AF85706329D87255006DEFBE /* SplashScreenView.swift */; };
		AF8A4F9F2A09DDB600148378 /* ColorPaletteSelectorView.swift in Sources */ = {isa = PBXBuildFile; fileRef = AF8A4F9E2A09DDB600148378 /* ColorPaletteSelectorView.swift */; };
		AF8A4FA12A09DE3A00148378 /* UIOptionsView.swift in Sources */ = {isa = PBXBuildFile; fileRef = AF8A4FA02A09DE3A00148378 /* UIOptionsView.swift */; };
		AFA378762A03F4A7005E8F60 /* CategoryData.xcdatamodeld in Sources */ = {isa = PBXBuildFile; fileRef = AFA378742A03F4A7005E8F60 /* CategoryData.xcdatamodeld */; };
		AFABAED029FCA30E0046CBC4 /* AccountDetailsView.swift in Sources */ = {isa = PBXBuildFile; fileRef = AFABAECF29FCA30E0046CBC4 /* AccountDetailsView.swift */; };
		AFB9521A29DE1D61005661FF /* CircularProgressView.swift in Sources */ = {isa = PBXBuildFile; fileRef = AFB9521929DE1D61005661FF /* CircularProgressView.swift */; };
		AFC0EAF329FDC53400975D9C /* SFSymbolsPicker.swift in Sources */ = {isa = PBXBuildFile; fileRef = AFC0EAF229FDC53400975D9C /* SFSymbolsPicker.swift */; };
		AFC0EAF529FDC55500975D9C /* Symbols.swift in Sources */ = {isa = PBXBuildFile; fileRef = AFC0EAF429FDC55500975D9C /* Symbols.swift */; };
		AFC0EAF729FDF72400975D9C /* CategoryTileView.swift in Sources */ = {isa = PBXBuildFile; fileRef = AFC0EAF629FDF72400975D9C /* CategoryTileView.swift */; };
		AFC0EAF929FE03F700975D9C /* TransactionTileView.swift in Sources */ = {isa = PBXBuildFile; fileRef = AFC0EAF829FE03F700975D9C /* TransactionTileView.swift */; };
		AFC76A7D2A1AAFCD00FAFCCC /* DateExtension.swift in Sources */ = {isa = PBXBuildFile; fileRef = AFC76A7C2A1AAFCD00FAFCCC /* DateExtension.swift */; };
		AFE26C9A29FD5D0B000C88C1 /* CategoryProgressView.swift in Sources */ = {isa = PBXBuildFile; fileRef = AFE26C9929FD5D0B000C88C1 /* CategoryProgressView.swift */; };
		AFEA832629F6C5090079B285 /* CustomSheetHeaderView.swift in Sources */ = {isa = PBXBuildFile; fileRef = AFEA832529F6C5090079B285 /* CustomSheetHeaderView.swift */; };
		AFEA832829F6C7C20079B285 /* ViewPasser.swift in Sources */ = {isa = PBXBuildFile; fileRef = AFEA832729F6C7C20079B285 /* ViewPasser.swift */; };
		AFF569D329D8F7640018C2C3 /* ColorContent.swift in Sources */ = {isa = PBXBuildFile; fileRef = AFF569D229D8F7640018C2C3 /* ColorContent.swift */; };
		AFF6D76129DCD75D00B01B00 /* CategoryView.swift in Sources */ = {isa = PBXBuildFile; fileRef = AFF6D76029DCD75D00B01B00 /* CategoryView.swift */; };
		AFF6D76329DCD79800B01B00 /* Accounts View.swift in Sources */ = {isa = PBXBuildFile; fileRef = AFF6D76229DCD79800B01B00 /* Accounts View.swift */; };
		AFF6D76529DCD84A00B01B00 /* FiguresView.swift in Sources */ = {isa = PBXBuildFile; fileRef = AFF6D76429DCD84A00B01B00 /* FiguresView.swift */; };
		AFF6D76729DCE19C00B01B00 /* FigureContentView.swift in Sources */ = {isa = PBXBuildFile; fileRef = AFF6D76629DCE19C00B01B00 /* FigureContentView.swift */; };
		AFF92C7729E4DE9600EE7085 /* TransactionsView.swift in Sources */ = {isa = PBXBuildFile; fileRef = AFF92C7629E4DE9600EE7085 /* TransactionsView.swift */; };
/* End PBXBuildFile section */

/* Begin PBXFileReference section */
		AF0A82892A4F915500A1BF03 /* BalancesView.swift */ = {isa = PBXFileReference; lastKnownFileType = sourcecode.swift; path = BalancesView.swift; sourceTree = "<group>"; };
		AF0C3A9729DF0C6C00F4FF05 /* PaletteView.swift */ = {isa = PBXFileReference; lastKnownFileType = sourcecode.swift; path = PaletteView.swift; sourceTree = "<group>"; };
		AF1E4FB029F49763008AA837 /* NumberFormatHandler.swift */ = {isa = PBXFileReference; lastKnownFileType = sourcecode.swift; path = NumberFormatHandler.swift; sourceTree = "<group>"; };
		AF1EB8BD29F4528D00777A5E /* CategoryDetailsView.swift */ = {isa = PBXFileReference; lastKnownFileType = sourcecode.swift; path = CategoryDetailsView.swift; sourceTree = "<group>"; };
		AF2B34D129E7401F003A4D07 /* TransactionDetailsView.swift */ = {isa = PBXFileReference; fileEncoding = 4; lastKnownFileType = sourcecode.swift; path = TransactionDetailsView.swift; sourceTree = "<group>"; };
		AF2B34D329E7474C003A4D07 /* DetailTileView.swift */ = {isa = PBXFileReference; lastKnownFileType = sourcecode.swift; path = DetailTileView.swift; sourceTree = "<group>"; };
		AF30D4B82A426D19005B8C32 /* MonthlyStartingBalance.swift */ = {isa = PBXFileReference; lastKnownFileType = sourcecode.swift; path = MonthlyStartingBalance.swift; sourceTree = "<group>"; };
		AF319D852A019BBA00654329 /* Computation.swift */ = {isa = PBXFileReference; lastKnownFileType = sourcecode.swift; path = Computation.swift; sourceTree = "<group>"; };
		AF353C8C29F444D000DAF5C7 /* DataController.swift */ = {isa = PBXFileReference; lastKnownFileType = sourcecode.swift; path = DataController.swift; sourceTree = "<group>"; };
		AF3BA9FE2A26BC860074ECC1 /* MonthSelectorView.swift */ = {isa = PBXFileReference; lastKnownFileType = sourcecode.swift; path = MonthSelectorView.swift; sourceTree = "<group>"; };
		AF50C5ED2A2C0C0C009626FD /* CurrentlyViewedMonth.swift */ = {isa = PBXFileReference; lastKnownFileType = sourcecode.swift; path = CurrentlyViewedMonth.swift; sourceTree = "<group>"; };
		AF514E6D2A4F4B9600DD09EE /* StartingBalanceSheetView.swift */ = {isa = PBXFileReference; lastKnownFileType = sourcecode.swift; path = StartingBalanceSheetView.swift; sourceTree = "<group>"; };
		AF63592E29DB6C7300AEEFBC /* SettingsView.swift */ = {isa = PBXFileReference; lastKnownFileType = sourcecode.swift; path = SettingsView.swift; sourceTree = "<group>"; };
		AF63593029DB6F9C00AEEFBC /* HomeView.swift */ = {isa = PBXFileReference; lastKnownFileType = sourcecode.swift; path = HomeView.swift; sourceTree = "<group>"; };
		AF67CAFA29D8CEA90032183F /* CustomTabBar.swift */ = {isa = PBXFileReference; lastKnownFileType = sourcecode.swift; path = CustomTabBar.swift; sourceTree = "<group>"; };
		AF67CAFC29D8DC0C0032183F /* TabBarButton.swift */ = {isa = PBXFileReference; lastKnownFileType = sourcecode.swift; path = TabBarButton.swift; sourceTree = "<group>"; };
		AF8177AE29F8830400DB33F9 /* CurrencyField.swift */ = {isa = PBXFileReference; lastKnownFileType = sourcecode.swift; path = CurrencyField.swift; sourceTree = "<group>"; };
		AF85705129D86FD6006DEFBE /* Patch.app */ = {isa = PBXFileReference; explicitFileType = wrapper.application; includeInIndex = 0; path = Patch.app; sourceTree = BUILT_PRODUCTS_DIR; };
		AF85705429D86FD6006DEFBE /* PatchApp.swift */ = {isa = PBXFileReference; lastKnownFileType = sourcecode.swift; path = PatchApp.swift; sourceTree = "<group>"; };
		AF85705629D86FD6006DEFBE /* RootView.swift */ = {isa = PBXFileReference; lastKnownFileType = sourcecode.swift; path = RootView.swift; sourceTree = "<group>"; };
		AF85705829D86FD8006DEFBE /* Assets.xcassets */ = {isa = PBXFileReference; lastKnownFileType = folder.assetcatalog; path = Assets.xcassets; sourceTree = "<group>"; };
		AF85705A29D86FD8006DEFBE /* Patch.entitlements */ = {isa = PBXFileReference; lastKnownFileType = text.plist.entitlements; path = Patch.entitlements; sourceTree = "<group>"; };
		AF85705C29D86FD8006DEFBE /* Preview Assets.xcassets */ = {isa = PBXFileReference; lastKnownFileType = folder.assetcatalog; path = "Preview Assets.xcassets"; sourceTree = "<group>"; };
		AF85706329D87255006DEFBE /* SplashScreenView.swift */ = {isa = PBXFileReference; lastKnownFileType = sourcecode.swift; path = SplashScreenView.swift; sourceTree = "<group>"; };
		AF8A4F9E2A09DDB600148378 /* ColorPaletteSelectorView.swift */ = {isa = PBXFileReference; lastKnownFileType = sourcecode.swift; path = ColorPaletteSelectorView.swift; sourceTree = "<group>"; };
		AF8A4FA02A09DE3A00148378 /* UIOptionsView.swift */ = {isa = PBXFileReference; lastKnownFileType = sourcecode.swift; path = UIOptionsView.swift; sourceTree = "<group>"; };
		AFA378752A03F4A7005E8F60 /* CategoryData.xcdatamodel */ = {isa = PBXFileReference; lastKnownFileType = wrapper.xcdatamodel; path = CategoryData.xcdatamodel; sourceTree = "<group>"; };
		AFABAECF29FCA30E0046CBC4 /* AccountDetailsView.swift */ = {isa = PBXFileReference; lastKnownFileType = sourcecode.swift; path = AccountDetailsView.swift; sourceTree = "<group>"; };
		AFB9521929DE1D61005661FF /* CircularProgressView.swift */ = {isa = PBXFileReference; lastKnownFileType = sourcecode.swift; path = CircularProgressView.swift; sourceTree = "<group>"; };
		AFC0EAF229FDC53400975D9C /* SFSymbolsPicker.swift */ = {isa = PBXFileReference; lastKnownFileType = sourcecode.swift; path = SFSymbolsPicker.swift; sourceTree = "<group>"; };
		AFC0EAF429FDC55500975D9C /* Symbols.swift */ = {isa = PBXFileReference; lastKnownFileType = sourcecode.swift; path = Symbols.swift; sourceTree = "<group>"; };
		AFC0EAF629FDF72400975D9C /* CategoryTileView.swift */ = {isa = PBXFileReference; lastKnownFileType = sourcecode.swift; path = CategoryTileView.swift; sourceTree = "<group>"; };
		AFC0EAF829FE03F700975D9C /* TransactionTileView.swift */ = {isa = PBXFileReference; lastKnownFileType = sourcecode.swift; path = TransactionTileView.swift; sourceTree = "<group>"; };
		AFC76A7C2A1AAFCD00FAFCCC /* DateExtension.swift */ = {isa = PBXFileReference; lastKnownFileType = sourcecode.swift; path = DateExtension.swift; sourceTree = "<group>"; };
		AFE26C9929FD5D0B000C88C1 /* CategoryProgressView.swift */ = {isa = PBXFileReference; lastKnownFileType = sourcecode.swift; path = CategoryProgressView.swift; sourceTree = "<group>"; };
		AFEA832529F6C5090079B285 /* CustomSheetHeaderView.swift */ = {isa = PBXFileReference; lastKnownFileType = sourcecode.swift; path = CustomSheetHeaderView.swift; sourceTree = "<group>"; };
		AFEA832729F6C7C20079B285 /* ViewPasser.swift */ = {isa = PBXFileReference; lastKnownFileType = sourcecode.swift; path = ViewPasser.swift; sourceTree = "<group>"; };
		AFF569D229D8F7640018C2C3 /* ColorContent.swift */ = {isa = PBXFileReference; lastKnownFileType = sourcecode.swift; path = ColorContent.swift; sourceTree = "<group>"; };
		AFF6D76029DCD75D00B01B00 /* CategoryView.swift */ = {isa = PBXFileReference; lastKnownFileType = sourcecode.swift; path = CategoryView.swift; sourceTree = "<group>"; };
		AFF6D76229DCD79800B01B00 /* Accounts View.swift */ = {isa = PBXFileReference; lastKnownFileType = sourcecode.swift; path = "Accounts View.swift"; sourceTree = "<group>"; };
		AFF6D76429DCD84A00B01B00 /* FiguresView.swift */ = {isa = PBXFileReference; lastKnownFileType = sourcecode.swift; path = FiguresView.swift; sourceTree = "<group>"; };
		AFF6D76629DCE19C00B01B00 /* FigureContentView.swift */ = {isa = PBXFileReference; lastKnownFileType = sourcecode.swift; path = FigureContentView.swift; sourceTree = "<group>"; };
		AFF92C7629E4DE9600EE7085 /* TransactionsView.swift */ = {isa = PBXFileReference; lastKnownFileType = sourcecode.swift; path = TransactionsView.swift; sourceTree = "<group>"; };
/* End PBXFileReference section */

/* Begin PBXFrameworksBuildPhase section */
		AF85704E29D86FD6006DEFBE /* Frameworks */ = {
			isa = PBXFrameworksBuildPhase;
			buildActionMask = 2147483647;
			files = (
			);
			runOnlyForDeploymentPostprocessing = 0;
		};
/* End PBXFrameworksBuildPhase section */

/* Begin PBXGroup section */
		AF319D832A019B9C00654329 /* UI */ = {
			isa = PBXGroup;
			children = (
				AFF569D229D8F7640018C2C3 /* ColorContent.swift */,
				AF1E4FB029F49763008AA837 /* NumberFormatHandler.swift */,
				AFEA832729F6C7C20079B285 /* ViewPasser.swift */,
				AF8177AE29F8830400DB33F9 /* CurrencyField.swift */,
			);
			path = UI;
			sourceTree = "<group>";
		};
		AF319D842A019BA200654329 /* Computations */ = {
			isa = PBXGroup;
			children = (
				AF50C5ED2A2C0C0C009626FD /* CurrentlyViewedMonth.swift */,
				AF319D852A019BBA00654329 /* Computation.swift */,
				AF30D4B82A426D19005B8C32 /* MonthlyStartingBalance.swift */,
			);
			path = Computations;
			sourceTree = "<group>";
		};
		AF353C8B29F4413300DAF5C7 /* CategoryTransactionModel */ = {
			isa = PBXGroup;
			children = (
				AFA378742A03F4A7005E8F60 /* CategoryData.xcdatamodeld */,
				AF353C8C29F444D000DAF5C7 /* DataController.swift */,
			);
			path = CategoryTransactionModel;
			sourceTree = "<group>";
		};
		AF63592C29DB6B1B00AEEFBC /* Figures View */ = {
			isa = PBXGroup;
			children = (
				AFF6D76429DCD84A00B01B00 /* FiguresView.swift */,
				AFF6D76629DCE19C00B01B00 /* FigureContentView.swift */,
			);
			path = "Figures View";
			sourceTree = "<group>";
		};
		AF63592D29DB6C5000AEEFBC /* Code */ = {
			isa = PBXGroup;
			children = (
				AFC76A7B2A1AAF1300FAFCCC /* Extensions */,
				AF319D842A019BA200654329 /* Computations */,
				AF319D832A019B9C00654329 /* UI */,
			);
			path = Code;
			sourceTree = "<group>";
		};
		AF63593229DB780100AEEFBC /* Home View */ = {
			isa = PBXGroup;
			children = (
				AF63593029DB6F9C00AEEFBC /* HomeView.swift */,
				AFF92C7829E4E0C500EE7085 /* Transaction View */,
				AF63592C29DB6B1B00AEEFBC /* Figures View */,
			);
			path = "Home View";
			sourceTree = "<group>";
		};
		AF63593329DB782000AEEFBC /* Settings View */ = {
			isa = PBXGroup;
			children = (
				AF8A4F9D2A09DD8C00148378 /* SettingsViews */,
				AF63592E29DB6C7300AEEFBC /* SettingsView.swift */,
			);
			path = "Settings View";
			sourceTree = "<group>";
		};
		AF67CAF829D8CE7D0032183F /* Views */ = {
			isa = PBXGroup;
			children = (
				AF85706329D87255006DEFBE /* SplashScreenView.swift */,
				AF85705629D86FD6006DEFBE /* RootView.swift */,
				AF3BA9FE2A26BC860074ECC1 /* MonthSelectorView.swift */,
				AF63593229DB780100AEEFBC /* Home View */,
				AFF6D75E29DCD6FE00B01B00 /* Category View */,
				AFF6D75F29DCD70D00B01B00 /* Accounts View */,
				AF63593329DB782000AEEFBC /* Settings View */,
				AF67CAF929D8CE940032183F /* Custom Tab Bar */,
				AFEA832429F6C4650079B285 /* View Templates */,
				AF514E6D2A4F4B9600DD09EE /* StartingBalanceSheetView.swift */,
			);
			path = Views;
			sourceTree = "<group>";
		};
		AF67CAF929D8CE940032183F /* Custom Tab Bar */ = {
			isa = PBXGroup;
			children = (
				AF67CAFA29D8CEA90032183F /* CustomTabBar.swift */,
				AF67CAFC29D8DC0C0032183F /* TabBarButton.swift */,
			);
			path = "Custom Tab Bar";
			sourceTree = "<group>";
		};
		AF85704829D86FD6006DEFBE = {
			isa = PBXGroup;
			children = (
				AF85705329D86FD6006DEFBE /* Patch */,
				AF85705229D86FD6006DEFBE /* Products */,
			);
			sourceTree = "<group>";
		};
		AF85705229D86FD6006DEFBE /* Products */ = {
			isa = PBXGroup;
			children = (
				AF85705129D86FD6006DEFBE /* Patch.app */,
			);
			name = Products;
			sourceTree = "<group>";
		};
		AF85705329D86FD6006DEFBE /* Patch */ = {
			isa = PBXGroup;
			children = (
				AF85705429D86FD6006DEFBE /* PatchApp.swift */,
				AF353C8B29F4413300DAF5C7 /* CategoryTransactionModel */,
				AF63592D29DB6C5000AEEFBC /* Code */,
				AF67CAF829D8CE7D0032183F /* Views */,
				AF85705829D86FD8006DEFBE /* Assets.xcassets */,
				AF85705A29D86FD8006DEFBE /* Patch.entitlements */,
				AF85705B29D86FD8006DEFBE /* Preview Content */,
			);
			path = Patch;
			sourceTree = "<group>";
		};
		AF85705B29D86FD8006DEFBE /* Preview Content */ = {
			isa = PBXGroup;
			children = (
				AF85705C29D86FD8006DEFBE /* Preview Assets.xcassets */,
			);
			path = "Preview Content";
			sourceTree = "<group>";
		};
		AF8A4F9D2A09DD8C00148378 /* SettingsViews */ = {
			isa = PBXGroup;
			children = (
				AF0C3A9729DF0C6C00F4FF05 /* PaletteView.swift */,
				AF8A4F9E2A09DDB600148378 /* ColorPaletteSelectorView.swift */,
				AF8A4FA02A09DE3A00148378 /* UIOptionsView.swift */,
				AF0A82892A4F915500A1BF03 /* BalancesView.swift */,
			);
			path = SettingsViews;
			sourceTree = "<group>";
		};
		AFC0EAEF29FDC4E300975D9C /* SF Symbols PIcker */ = {
			isa = PBXGroup;
			children = (
				AFC0EAF229FDC53400975D9C /* SFSymbolsPicker.swift */,
				AFC0EAF429FDC55500975D9C /* Symbols.swift */,
			);
			path = "SF Symbols PIcker";
			sourceTree = "<group>";
		};
		AFC76A7B2A1AAF1300FAFCCC /* Extensions */ = {
			isa = PBXGroup;
			children = (
				AFC76A7C2A1AAFCD00FAFCCC /* DateExtension.swift */,
			);
			path = Extensions;
			sourceTree = "<group>";
		};
		AFEA832429F6C4650079B285 /* View Templates */ = {
			isa = PBXGroup;
			children = (
				AFB9521929DE1D61005661FF /* CircularProgressView.swift */,
				AF2B34D329E7474C003A4D07 /* DetailTileView.swift */,
				AFEA832529F6C5090079B285 /* CustomSheetHeaderView.swift */,
			);
			path = "View Templates";
			sourceTree = "<group>";
		};
		AFF6D75E29DCD6FE00B01B00 /* Category View */ = {
			isa = PBXGroup;
			children = (
				AFC0EAEF29FDC4E300975D9C /* SF Symbols PIcker */,
				AFF6D76029DCD75D00B01B00 /* CategoryView.swift */,
				AF1EB8BD29F4528D00777A5E /* CategoryDetailsView.swift */,
				AFE26C9929FD5D0B000C88C1 /* CategoryProgressView.swift */,
				AFC0EAF629FDF72400975D9C /* CategoryTileView.swift */,
			);
			path = "Category View";
			sourceTree = "<group>";
		};
		AFF6D75F29DCD70D00B01B00 /* Accounts View */ = {
			isa = PBXGroup;
			children = (
				AFF6D76229DCD79800B01B00 /* Accounts View.swift */,
				AFABAECF29FCA30E0046CBC4 /* AccountDetailsView.swift */,
			);
			path = "Accounts View";
			sourceTree = "<group>";
		};
		AFF92C7829E4E0C500EE7085 /* Transaction View */ = {
			isa = PBXGroup;
			children = (
				AF2B34D129E7401F003A4D07 /* TransactionDetailsView.swift */,
				AFF92C7629E4DE9600EE7085 /* TransactionsView.swift */,
				AFC0EAF829FE03F700975D9C /* TransactionTileView.swift */,
			);
			path = "Transaction View";
			sourceTree = "<group>";
		};
/* End PBXGroup section */

/* Begin PBXNativeTarget section */
		AF85705029D86FD6006DEFBE /* Patch */ = {
			isa = PBXNativeTarget;
			buildConfigurationList = AF85706029D86FD8006DEFBE /* Build configuration list for PBXNativeTarget "Patch" */;
			buildPhases = (
				AF85704D29D86FD6006DEFBE /* Sources */,
				AF85704E29D86FD6006DEFBE /* Frameworks */,
				AF85704F29D86FD6006DEFBE /* Resources */,
			);
			buildRules = (
			);
			dependencies = (
			);
			name = Patch;
			productName = Patch;
			productReference = AF85705129D86FD6006DEFBE /* Patch.app */;
			productType = "com.apple.product-type.application";
		};
/* End PBXNativeTarget section */

/* Begin PBXProject section */
		AF85704929D86FD6006DEFBE /* Project object */ = {
			isa = PBXProject;
			attributes = {
				BuildIndependentTargetsInParallel = 1;
				LastSwiftUpdateCheck = 1420;
				LastUpgradeCheck = 1430;
				TargetAttributes = {
					AF85705029D86FD6006DEFBE = {
						CreatedOnToolsVersion = 14.2;
					};
				};
			};
			buildConfigurationList = AF85704C29D86FD6006DEFBE /* Build configuration list for PBXProject "Patch" */;
			compatibilityVersion = "Xcode 14.0";
			developmentRegion = en;
			hasScannedForEncodings = 0;
			knownRegions = (
				en,
				Base,
			);
			mainGroup = AF85704829D86FD6006DEFBE;
			productRefGroup = AF85705229D86FD6006DEFBE /* Products */;
			projectDirPath = "";
			projectRoot = "";
			targets = (
				AF85705029D86FD6006DEFBE /* Patch */,
			);
		};
/* End PBXProject section */

/* Begin PBXResourcesBuildPhase section */
		AF85704F29D86FD6006DEFBE /* Resources */ = {
			isa = PBXResourcesBuildPhase;
			buildActionMask = 2147483647;
			files = (
				AF85705D29D86FD8006DEFBE /* Preview Assets.xcassets in Resources */,
				AF85705929D86FD8006DEFBE /* Assets.xcassets in Resources */,
			);
			runOnlyForDeploymentPostprocessing = 0;
		};
/* End PBXResourcesBuildPhase section */

/* Begin PBXSourcesBuildPhase section */
		AF85704D29D86FD6006DEFBE /* Sources */ = {
			isa = PBXSourcesBuildPhase;
			buildActionMask = 2147483647;
			files = (
				AF2B34D429E7474C003A4D07 /* DetailTileView.swift in Sources */,
				AFC76A7D2A1AAFCD00FAFCCC /* DateExtension.swift in Sources */,
				AFC0EAF729FDF72400975D9C /* CategoryTileView.swift in Sources */,
				AF50C5EE2A2C0C0C009626FD /* CurrentlyViewedMonth.swift in Sources */,
				AF30D4B92A426D19005B8C32 /* MonthlyStartingBalance.swift in Sources */,
				AF63592F29DB6C7300AEEFBC /* SettingsView.swift in Sources */,
				AF8A4F9F2A09DDB600148378 /* ColorPaletteSelectorView.swift in Sources */,
				AFEA832629F6C5090079B285 /* CustomSheetHeaderView.swift in Sources */,
				AF67CAFB29D8CEA90032183F /* CustomTabBar.swift in Sources */,
				AF0A828A2A4F915500A1BF03 /* BalancesView.swift in Sources */,
				AFEA832829F6C7C20079B285 /* ViewPasser.swift in Sources */,
				AFF569D329D8F7640018C2C3 /* ColorContent.swift in Sources */,
				AF85705729D86FD6006DEFBE /* RootView.swift in Sources */,
				AF1E4FB129F49763008AA837 /* NumberFormatHandler.swift in Sources */,
				AFF6D76529DCD84A00B01B00 /* FiguresView.swift in Sources */,
				AFF92C7729E4DE9600EE7085 /* TransactionsView.swift in Sources */,
				AFC0EAF929FE03F700975D9C /* TransactionTileView.swift in Sources */,
				AF514E6E2A4F4B9600DD09EE /* StartingBalanceSheetView.swift in Sources */,
				AF353C8D29F444D000DAF5C7 /* DataController.swift in Sources */,
				AF85705529D86FD6006DEFBE /* PatchApp.swift in Sources */,
				AFF6D76729DCE19C00B01B00 /* FigureContentView.swift in Sources */,
				AF8A4FA12A09DE3A00148378 /* UIOptionsView.swift in Sources */,
				AFC0EAF529FDC55500975D9C /* Symbols.swift in Sources */,
				AFC0EAF329FDC53400975D9C /* SFSymbolsPicker.swift in Sources */,
				AF3BA9FF2A26BC860074ECC1 /* MonthSelectorView.swift in Sources */,
				AFABAED029FCA30E0046CBC4 /* AccountDetailsView.swift in Sources */,
				AF63593129DB6F9C00AEEFBC /* HomeView.swift in Sources */,
				AF67CAFD29D8DC0C0032183F /* TabBarButton.swift in Sources */,
				AF319D862A019BBA00654329 /* Computation.swift in Sources */,
				AF85706429D87255006DEFBE /* SplashScreenView.swift in Sources */,
				AFA378762A03F4A7005E8F60 /* CategoryData.xcdatamodeld in Sources */,
				AFF6D76129DCD75D00B01B00 /* CategoryView.swift in Sources */,
				AFB9521A29DE1D61005661FF /* CircularProgressView.swift in Sources */,
				AF2B34D229E7401F003A4D07 /* TransactionDetailsView.swift in Sources */,
				AFE26C9A29FD5D0B000C88C1 /* CategoryProgressView.swift in Sources */,
				AF0C3A9829DF0C6C00F4FF05 /* PaletteView.swift in Sources */,
				AF1EB8BE29F4528D00777A5E /* CategoryDetailsView.swift in Sources */,
				AFF6D76329DCD79800B01B00 /* Accounts View.swift in Sources */,
				AF8177AF29F8830400DB33F9 /* CurrencyField.swift in Sources */,
			);
			runOnlyForDeploymentPostprocessing = 0;
		};
/* End PBXSourcesBuildPhase section */

/* Begin XCBuildConfiguration section */
		AF85705E29D86FD8006DEFBE /* Debug */ = {
			isa = XCBuildConfiguration;
			buildSettings = {
				ALWAYS_SEARCH_USER_PATHS = NO;
				CLANG_ANALYZER_NONNULL = YES;
				CLANG_ANALYZER_NUMBER_OBJECT_CONVERSION = YES_AGGRESSIVE;
				CLANG_CXX_LANGUAGE_STANDARD = "gnu++20";
				CLANG_ENABLE_MODULES = YES;
				CLANG_ENABLE_OBJC_ARC = YES;
				CLANG_ENABLE_OBJC_WEAK = YES;
				CLANG_WARN_BLOCK_CAPTURE_AUTORELEASING = YES;
				CLANG_WARN_BOOL_CONVERSION = YES;
				CLANG_WARN_COMMA = YES;
				CLANG_WARN_CONSTANT_CONVERSION = YES;
				CLANG_WARN_DEPRECATED_OBJC_IMPLEMENTATIONS = YES;
				CLANG_WARN_DIRECT_OBJC_ISA_USAGE = YES_ERROR;
				CLANG_WARN_DOCUMENTATION_COMMENTS = YES;
				CLANG_WARN_EMPTY_BODY = YES;
				CLANG_WARN_ENUM_CONVERSION = YES;
				CLANG_WARN_INFINITE_RECURSION = YES;
				CLANG_WARN_INT_CONVERSION = YES;
				CLANG_WARN_NON_LITERAL_NULL_CONVERSION = YES;
				CLANG_WARN_OBJC_IMPLICIT_RETAIN_SELF = YES;
				CLANG_WARN_OBJC_LITERAL_CONVERSION = YES;
				CLANG_WARN_OBJC_ROOT_CLASS = YES_ERROR;
				CLANG_WARN_QUOTED_INCLUDE_IN_FRAMEWORK_HEADER = YES;
				CLANG_WARN_RANGE_LOOP_ANALYSIS = YES;
				CLANG_WARN_STRICT_PROTOTYPES = YES;
				CLANG_WARN_SUSPICIOUS_MOVE = YES;
				CLANG_WARN_UNGUARDED_AVAILABILITY = YES_AGGRESSIVE;
				CLANG_WARN_UNREACHABLE_CODE = YES;
				CLANG_WARN__DUPLICATE_METHOD_MATCH = YES;
				COPY_PHASE_STRIP = NO;
				DEAD_CODE_STRIPPING = YES;
				DEBUG_INFORMATION_FORMAT = dwarf;
				ENABLE_STRICT_OBJC_MSGSEND = YES;
				ENABLE_TESTABILITY = YES;
				GCC_C_LANGUAGE_STANDARD = gnu11;
				GCC_DYNAMIC_NO_PIC = NO;
				GCC_NO_COMMON_BLOCKS = YES;
				GCC_OPTIMIZATION_LEVEL = 0;
				GCC_PREPROCESSOR_DEFINITIONS = (
					"DEBUG=1",
					"$(inherited)",
				);
				GCC_WARN_64_TO_32_BIT_CONVERSION = YES;
				GCC_WARN_ABOUT_RETURN_TYPE = YES_ERROR;
				GCC_WARN_UNDECLARED_SELECTOR = YES;
				GCC_WARN_UNINITIALIZED_AUTOS = YES_AGGRESSIVE;
				GCC_WARN_UNUSED_FUNCTION = YES;
				GCC_WARN_UNUSED_VARIABLE = YES;
				MTL_ENABLE_DEBUG_INFO = INCLUDE_SOURCE;
				MTL_FAST_MATH = YES;
				ONLY_ACTIVE_ARCH = NO;
				SWIFT_ACTIVE_COMPILATION_CONDITIONS = DEBUG;
				SWIFT_OPTIMIZATION_LEVEL = "-Onone";
			};
			name = Debug;
		};
		AF85705F29D86FD8006DEFBE /* Release */ = {
			isa = XCBuildConfiguration;
			buildSettings = {
				ALWAYS_SEARCH_USER_PATHS = NO;
				CLANG_ANALYZER_NONNULL = YES;
				CLANG_ANALYZER_NUMBER_OBJECT_CONVERSION = YES_AGGRESSIVE;
				CLANG_CXX_LANGUAGE_STANDARD = "gnu++20";
				CLANG_ENABLE_MODULES = YES;
				CLANG_ENABLE_OBJC_ARC = YES;
				CLANG_ENABLE_OBJC_WEAK = YES;
				CLANG_WARN_BLOCK_CAPTURE_AUTORELEASING = YES;
				CLANG_WARN_BOOL_CONVERSION = YES;
				CLANG_WARN_COMMA = YES;
				CLANG_WARN_CONSTANT_CONVERSION = YES;
				CLANG_WARN_DEPRECATED_OBJC_IMPLEMENTATIONS = YES;
				CLANG_WARN_DIRECT_OBJC_ISA_USAGE = YES_ERROR;
				CLANG_WARN_DOCUMENTATION_COMMENTS = YES;
				CLANG_WARN_EMPTY_BODY = YES;
				CLANG_WARN_ENUM_CONVERSION = YES;
				CLANG_WARN_INFINITE_RECURSION = YES;
				CLANG_WARN_INT_CONVERSION = YES;
				CLANG_WARN_NON_LITERAL_NULL_CONVERSION = YES;
				CLANG_WARN_OBJC_IMPLICIT_RETAIN_SELF = YES;
				CLANG_WARN_OBJC_LITERAL_CONVERSION = YES;
				CLANG_WARN_OBJC_ROOT_CLASS = YES_ERROR;
				CLANG_WARN_QUOTED_INCLUDE_IN_FRAMEWORK_HEADER = YES;
				CLANG_WARN_RANGE_LOOP_ANALYSIS = YES;
				CLANG_WARN_STRICT_PROTOTYPES = YES;
				CLANG_WARN_SUSPICIOUS_MOVE = YES;
				CLANG_WARN_UNGUARDED_AVAILABILITY = YES_AGGRESSIVE;
				CLANG_WARN_UNREACHABLE_CODE = YES;
				CLANG_WARN__DUPLICATE_METHOD_MATCH = YES;
				COPY_PHASE_STRIP = NO;
				DEAD_CODE_STRIPPING = YES;
				DEBUG_INFORMATION_FORMAT = "dwarf-with-dsym";
				ENABLE_NS_ASSERTIONS = NO;
				ENABLE_STRICT_OBJC_MSGSEND = YES;
				GCC_C_LANGUAGE_STANDARD = gnu11;
				GCC_NO_COMMON_BLOCKS = YES;
				GCC_WARN_64_TO_32_BIT_CONVERSION = YES;
				GCC_WARN_ABOUT_RETURN_TYPE = YES_ERROR;
				GCC_WARN_UNDECLARED_SELECTOR = YES;
				GCC_WARN_UNINITIALIZED_AUTOS = YES_AGGRESSIVE;
				GCC_WARN_UNUSED_FUNCTION = YES;
				GCC_WARN_UNUSED_VARIABLE = YES;
				MTL_ENABLE_DEBUG_INFO = NO;
				MTL_FAST_MATH = YES;
				ONLY_ACTIVE_ARCH = NO;
				SWIFT_COMPILATION_MODE = wholemodule;
				SWIFT_OPTIMIZATION_LEVEL = "-O";
			};
			name = Release;
		};
		AF85706129D86FD8006DEFBE /* Debug */ = {
			isa = XCBuildConfiguration;
			buildSettings = {
				ASSETCATALOG_COMPILER_APPICON_NAME = AppIcon;
				ASSETCATALOG_COMPILER_GLOBAL_ACCENT_COLOR_NAME = AccentColor;
				CODE_SIGN_ENTITLEMENTS = Patch/Patch.entitlements;
				CODE_SIGN_STYLE = Automatic;
				CURRENT_PROJECT_VERSION = 56;
				DEAD_CODE_STRIPPING = YES;
				DEVELOPMENT_ASSET_PATHS = "\"Patch/Preview Content\"";
				DEVELOPMENT_TEAM = BK7GR7SKX2;
				ENABLE_PREVIEWS = YES;
				GENERATE_INFOPLIST_FILE = YES;
				INFOPLIST_KEY_CFBundleDisplayName = Patch;
				INFOPLIST_KEY_LSApplicationCategoryType = "public.app-category.finance";
				"INFOPLIST_KEY_UIApplicationSceneManifest_Generation[sdk=iphoneos*]" = YES;
				"INFOPLIST_KEY_UIApplicationSceneManifest_Generation[sdk=iphonesimulator*]" = YES;
				"INFOPLIST_KEY_UIApplicationSupportsIndirectInputEvents[sdk=iphoneos*]" = YES;
				"INFOPLIST_KEY_UIApplicationSupportsIndirectInputEvents[sdk=iphonesimulator*]" = YES;
				"INFOPLIST_KEY_UILaunchScreen_Generation[sdk=iphoneos*]" = YES;
				"INFOPLIST_KEY_UILaunchScreen_Generation[sdk=iphonesimulator*]" = YES;
				INFOPLIST_KEY_UIRequiresFullScreen = YES;
				"INFOPLIST_KEY_UIStatusBarStyle[sdk=iphoneos*]" = UIStatusBarStyleDefault;
				"INFOPLIST_KEY_UIStatusBarStyle[sdk=iphonesimulator*]" = UIStatusBarStyleDefault;
				INFOPLIST_KEY_UISupportedInterfaceOrientations = UIInterfaceOrientationPortrait;
				INFOPLIST_KEY_UISupportedInterfaceOrientations_iPad = "UIInterfaceOrientationPortrait UIInterfaceOrientationPortraitUpsideDown";
				IPHONEOS_DEPLOYMENT_TARGET = 16.0;
				LD_RUNPATH_SEARCH_PATHS = "@executable_path/Frameworks";
				"LD_RUNPATH_SEARCH_PATHS[sdk=macosx*]" = "@executable_path/../Frameworks";
				MACOSX_DEPLOYMENT_TARGET = 13.1;
				MARKETING_VERSION = 0.3.2;
				PRODUCT_BUNDLE_IDENTIFIER = com.nateleake.Patch;
				PRODUCT_NAME = "$(TARGET_NAME)";
				SDKROOT = auto;
				SUPPORTED_PLATFORMS = "iphoneos iphonesimulator";
				SUPPORTS_MACCATALYST = NO;
				SUPPORTS_MAC_DESIGNED_FOR_IPHONE_IPAD = NO;
				SWIFT_EMIT_LOC_STRINGS = YES;
				SWIFT_VERSION = 5.0;
				TARGETED_DEVICE_FAMILY = "1,2";
			};
			name = Debug;
		};
		AF85706229D86FD8006DEFBE /* Release */ = {
			isa = XCBuildConfiguration;
			buildSettings = {
				ASSETCATALOG_COMPILER_APPICON_NAME = AppIcon;
				ASSETCATALOG_COMPILER_GLOBAL_ACCENT_COLOR_NAME = AccentColor;
				CODE_SIGN_ENTITLEMENTS = Patch/Patch.entitlements;
				CODE_SIGN_STYLE = Automatic;
				CURRENT_PROJECT_VERSION = 56;
				DEAD_CODE_STRIPPING = YES;
				DEVELOPMENT_ASSET_PATHS = "\"Patch/Preview Content\"";
				DEVELOPMENT_TEAM = BK7GR7SKX2;
				ENABLE_PREVIEWS = YES;
				GENERATE_INFOPLIST_FILE = YES;
				INFOPLIST_KEY_CFBundleDisplayName = Patch;
				INFOPLIST_KEY_LSApplicationCategoryType = "public.app-category.finance";
				"INFOPLIST_KEY_UIApplicationSceneManifest_Generation[sdk=iphoneos*]" = YES;
				"INFOPLIST_KEY_UIApplicationSceneManifest_Generation[sdk=iphonesimulator*]" = YES;
				"INFOPLIST_KEY_UIApplicationSupportsIndirectInputEvents[sdk=iphoneos*]" = YES;
				"INFOPLIST_KEY_UIApplicationSupportsIndirectInputEvents[sdk=iphonesimulator*]" = YES;
				"INFOPLIST_KEY_UILaunchScreen_Generation[sdk=iphoneos*]" = YES;
				"INFOPLIST_KEY_UILaunchScreen_Generation[sdk=iphonesimulator*]" = YES;
				INFOPLIST_KEY_UIRequiresFullScreen = YES;
				"INFOPLIST_KEY_UIStatusBarStyle[sdk=iphoneos*]" = UIStatusBarStyleDefault;
				"INFOPLIST_KEY_UIStatusBarStyle[sdk=iphonesimulator*]" = UIStatusBarStyleDefault;
				INFOPLIST_KEY_UISupportedInterfaceOrientations = UIInterfaceOrientationPortrait;
				INFOPLIST_KEY_UISupportedInterfaceOrientations_iPad = "UIInterfaceOrientationPortrait UIInterfaceOrientationPortraitUpsideDown";
				IPHONEOS_DEPLOYMENT_TARGET = 16.0;
				LD_RUNPATH_SEARCH_PATHS = "@executable_path/Frameworks";
				"LD_RUNPATH_SEARCH_PATHS[sdk=macosx*]" = "@executable_path/../Frameworks";
				MACOSX_DEPLOYMENT_TARGET = 13.1;
				MARKETING_VERSION = 0.3.2;
				PRODUCT_BUNDLE_IDENTIFIER = com.nateleake.Patch;
				PRODUCT_NAME = "$(TARGET_NAME)";
				SDKROOT = auto;
				SUPPORTED_PLATFORMS = "iphoneos iphonesimulator";
				SUPPORTS_MACCATALYST = NO;
				SUPPORTS_MAC_DESIGNED_FOR_IPHONE_IPAD = NO;
				SWIFT_EMIT_LOC_STRINGS = YES;
				SWIFT_VERSION = 5.0;
				TARGETED_DEVICE_FAMILY = "1,2";
			};
			name = Release;
		};
/* End XCBuildConfiguration section */

/* Begin XCConfigurationList section */
		AF85704C29D86FD6006DEFBE /* Build configuration list for PBXProject "Patch" */ = {
			isa = XCConfigurationList;
			buildConfigurations = (
				AF85705E29D86FD8006DEFBE /* Debug */,
				AF85705F29D86FD8006DEFBE /* Release */,
			);
			defaultConfigurationIsVisible = 0;
			defaultConfigurationName = Release;
		};
		AF85706029D86FD8006DEFBE /* Build configuration list for PBXNativeTarget "Patch" */ = {
			isa = XCConfigurationList;
			buildConfigurations = (
				AF85706129D86FD8006DEFBE /* Debug */,
				AF85706229D86FD8006DEFBE /* Release */,
			);
			defaultConfigurationIsVisible = 0;
			defaultConfigurationName = Release;
		};
/* End XCConfigurationList section */

/* Begin XCVersionGroup section */
		AFA378742A03F4A7005E8F60 /* CategoryData.xcdatamodeld */ = {
			isa = XCVersionGroup;
			children = (
				AFA378752A03F4A7005E8F60 /* CategoryData.xcdatamodel */,
			);
			currentVersion = AFA378752A03F4A7005E8F60 /* CategoryData.xcdatamodel */;
			path = CategoryData.xcdatamodeld;
			sourceTree = "<group>";
			versionGroupType = wrapper.xcdatamodel;
		};
/* End XCVersionGroup section */
	};
	rootObject = AF85704929D86FD6006DEFBE /* Project object */;
}
